
Microsoft Visual Studio Solution File, Format Version 12.00
# Visual Studio Version 17
VisualStudioVersion = 17.6.33815.320
MinimumVisualStudioVersion = 10.0.40219.1
Project("{FAE04EC0-301F-11D3-BF4B-00C04F79EFBC}") = "Sistemi", "Sistemi\Sistemi.csproj", "{3FAA70C8-B9AB-400E-A2B1-A3BEE902B8D0}"
EndProject
Global
	GlobalSection(SolutionConfigurationPlatforms) = preSolution
		Debug|Any CPU = Debug|Any CPU
		Release|Any CPU = Release|Any CPU
	EndGlobalSection
	GlobalSection(ProjectConfigurationPlatforms) = postSolution
		{3FAA70C8-B9AB-400E-A2B1-A3BEE902B8D0}.Debug|Any CPU.ActiveCfg = Debug|Any CPU
		{3FAA70C8-B9AB-400E-A2B1-A3BEE902B8D0}.Debug|Any CPU.Build.0 = Debug|Any CPU
		{3FAA70C8-B9AB-400E-A2B1-A3BEE902B8D0}.Release|Any CPU.ActiveCfg = Release|Any CPU
		{3FAA70C8-B9AB-400E-A2B1-A3BEE902B8D0}.Release|Any CPU.Build.0 = Release|Any CPU
	EndGlobalSection
	GlobalSection(SolutionProperties) = preSolution
		HideSolutionNode = FALSE
	EndGlobalSection
	GlobalSection(ExtensibilityGlobals) = postSolution
		SolutionGuid = {4462C96E-5ECA-4D9A-9237-45ADD1763B06}
	EndGlobalSection
EndGlobal
